
Microsoft Visual Studio Solution File, Format Version 12.00
# Visual Studio Version 17
VisualStudioVersion = 17.0.31903.59
MinimumVisualStudioVersion = 10.0.40219.1
Project("{2150E333-8FDC-42A3-9474-1A3956D46DE8}") = "src", "src", "{827E0CD3-B72D-47B6-A68D-7590B98EB39B}"
EndProject
Project("{FAE04EC0-301F-11D3-BF4B-00C04F79EFBC}") = "CongestionTax.Domain", "src\CongestionTax.Domain\CongestionTax.Domain.csproj", "{36564E15-B10E-4E1F-BA3E-4D90871F740C}"
EndProject
Project("{FAE04EC0-301F-11D3-BF4B-00C04F79EFBC}") = "CongestionTax.Api", "src\CongestionTax.Api\CongestionTax.Api.csproj", "{90B20135-7C0E-4B08-B2B4-B66439D15305}"
EndProject
Project("{2150E333-8FDC-42A3-9474-1A3956D46DE8}") = "tests", "tests", "{0AB3BF05-4346-4AA6-1389-037BE0695223}"
EndProject
Project("{FAE04EC0-301F-11D3-BF4B-00C04F79EFBC}") = "CongestionTax.Tests", "tests\CongestionTax.Tests\CongestionTax.Tests.csproj", "{2C14A0D0-57C9-44DF-9355-3C4034D45748}"
EndProject
Global
	GlobalSection(SolutionConfigurationPlatforms) = preSolution
		Debug|Any CPU = Debug|Any CPU
		Debug|x64 = Debug|x64
		Debug|x86 = Debug|x86
		Release|Any CPU = Release|Any CPU
		Release|x64 = Release|x64
		Release|x86 = Release|x86
	EndGlobalSection
	GlobalSection(ProjectConfigurationPlatforms) = postSolution
		{36564E15-B10E-4E1F-BA3E-4D90871F740C}.Debug|Any CPU.ActiveCfg = Debug|Any CPU
		{36564E15-B10E-4E1F-BA3E-4D90871F740C}.Debug|Any CPU.Build.0 = Debug|Any CPU
		{36564E15-B10E-4E1F-BA3E-4D90871F740C}.Debug|x64.ActiveCfg = Debug|Any CPU
		{36564E15-B10E-4E1F-BA3E-4D90871F740C}.Debug|x64.Build.0 = Debug|Any CPU
		{36564E15-B10E-4E1F-BA3E-4D90871F740C}.Debug|x86.ActiveCfg = Debug|Any CPU
		{36564E15-B10E-4E1F-BA3E-4D90871F740C}.Debug|x86.Build.0 = Debug|Any CPU
		{36564E15-B10E-4E1F-BA3E-4D90871F740C}.Release|Any CPU.ActiveCfg = Release|Any CPU
		{36564E15-B10E-4E1F-BA3E-4D90871F740C}.Release|Any CPU.Build.0 = Release|Any CPU
		{36564E15-B10E-4E1F-BA3E-4D90871F740C}.Release|x64.ActiveCfg = Release|Any CPU
		{36564E15-B10E-4E1F-BA3E-4D90871F740C}.Release|x64.Build.0 = Release|Any CPU
		{36564E15-B10E-4E1F-BA3E-4D90871F740C}.Release|x86.ActiveCfg = Release|Any CPU
		{36564E15-B10E-4E1F-BA3E-4D90871F740C}.Release|x86.Build.0 = Release|Any CPU
		{90B20135-7C0E-4B08-B2B4-B66439D15305}.Debug|Any CPU.ActiveCfg = Debug|Any CPU
		{90B20135-7C0E-4B08-B2B4-B66439D15305}.Debug|Any CPU.Build.0 = Debug|Any CPU
		{90B20135-7C0E-4B08-B2B4-B66439D15305}.Debug|x64.ActiveCfg = Debug|Any CPU
		{90B20135-7C0E-4B08-B2B4-B66439D15305}.Debug|x64.Build.0 = Debug|Any CPU
		{90B20135-7C0E-4B08-B2B4-B66439D15305}.Debug|x86.ActiveCfg = Debug|Any CPU
		{90B20135-7C0E-4B08-B2B4-B66439D15305}.Debug|x86.Build.0 = Debug|Any CPU
		{90B20135-7C0E-4B08-B2B4-B66439D15305}.Release|Any CPU.ActiveCfg = Release|Any CPU
		{90B20135-7C0E-4B08-B2B4-B66439D15305}.Release|Any CPU.Build.0 = Release|Any CPU
		{90B20135-7C0E-4B08-B2B4-B66439D15305}.Release|x64.ActiveCfg = Release|Any CPU
		{90B20135-7C0E-4B08-B2B4-B66439D15305}.Release|x64.Build.0 = Release|Any CPU
		{90B20135-7C0E-4B08-B2B4-B66439D15305}.Release|x86.ActiveCfg = Release|Any CPU
		{90B20135-7C0E-4B08-B2B4-B66439D15305}.Release|x86.Build.0 = Release|Any CPU
		{2C14A0D0-57C9-44DF-9355-3C4034D45748}.Debug|Any CPU.ActiveCfg = Debug|Any CPU
		{2C14A0D0-57C9-44DF-9355-3C4034D45748}.Debug|Any CPU.Build.0 = Debug|Any CPU
		{2C14A0D0-57C9-44DF-9355-3C4034D45748}.Debug|x64.ActiveCfg = Debug|Any CPU
		{2C14A0D0-57C9-44DF-9355-3C4034D45748}.Debug|x64.Build.0 = Debug|Any CPU
		{2C14A0D0-57C9-44DF-9355-3C4034D45748}.Debug|x86.ActiveCfg = Debug|Any CPU
		{2C14A0D0-57C9-44DF-9355-3C4034D45748}.Debug|x86.Build.0 = Debug|Any CPU
		{2C14A0D0-57C9-44DF-9355-3C4034D45748}.Release|Any CPU.ActiveCfg = Release|Any CPU
		{2C14A0D0-57C9-44DF-9355-3C4034D45748}.Release|Any CPU.Build.0 = Release|Any CPU
		{2C14A0D0-57C9-44DF-9355-3C4034D45748}.Release|x64.ActiveCfg = Release|Any CPU
		{2C14A0D0-57C9-44DF-9355-3C4034D45748}.Release|x64.Build.0 = Release|Any CPU
		{2C14A0D0-57C9-44DF-9355-3C4034D45748}.Release|x86.ActiveCfg = Release|Any CPU
		{2C14A0D0-57C9-44DF-9355-3C4034D45748}.Release|x86.Build.0 = Release|Any CPU
	EndGlobalSection
	GlobalSection(SolutionProperties) = preSolution
		HideSolutionNode = FALSE
	EndGlobalSection
	GlobalSection(NestedProjects) = preSolution
		{36564E15-B10E-4E1F-BA3E-4D90871F740C} = {827E0CD3-B72D-47B6-A68D-7590B98EB39B}
		{90B20135-7C0E-4B08-B2B4-B66439D15305} = {827E0CD3-B72D-47B6-A68D-7590B98EB39B}
		{2C14A0D0-57C9-44DF-9355-3C4034D45748} = {0AB3BF05-4346-4AA6-1389-037BE0695223}
	EndGlobalSection
EndGlobal
